
Microsoft Visual Studio Solution File, Format Version 12.00
# Visual Studio Version 16
VisualStudioVersion = 16.0.31624.102
MinimumVisualStudioVersion = 10.0.40219.1
Project("{FAE04EC0-301F-11D3-BF4B-00C04F79EFBC}") = "ConsoleApp1", "ConsoleApp1.csproj", "{AD9D6500-97DC-4BC9-99A9-8E4F6AF62EBC}"
EndProject
Global
	GlobalSection(SolutionConfigurationPlatforms) = preSolution
		Debug|Any CPU = Debug|Any CPU
		Release|Any CPU = Release|Any CPU
	EndGlobalSection
	GlobalSection(ProjectConfigurationPlatforms) = postSolution
		{AD9D6500-97DC-4BC9-99A9-8E4F6AF62EBC}.Debug|Any CPU.ActiveCfg = Debug|Any CPU
		{AD9D6500-97DC-4BC9-99A9-8E4F6AF62EBC}.Debug|Any CPU.Build.0 = Debug|Any CPU
		{AD9D6500-97DC-4BC9-99A9-8E4F6AF62EBC}.Release|Any CPU.ActiveCfg = Release|Any CPU
		{AD9D6500-97DC-4BC9-99A9-8E4F6AF62EBC}.Release|Any CPU.Build.0 = Release|Any CPU
	EndGlobalSection
	GlobalSection(SolutionProperties) = preSolution
		HideSolutionNode = FALSE
	EndGlobalSection
	GlobalSection(ExtensibilityGlobals) = postSolution
		SolutionGuid = {826CA5EA-DD02-4358-9195-D0CE8C4E2E93}
	EndGlobalSection
EndGlobal
