
Microsoft Visual Studio Solution File, Format Version 12.00
# Visual Studio Version 16
VisualStudioVersion = 16.0.31624.102
MinimumVisualStudioVersion = 10.0.40219.1
Project("{FAE04EC0-301F-11D3-BF4B-00C04F79EFBC}") = "exp3", "exp3.csproj", "{8B891F46-7462-4759-B5D1-3E9E9218FEDA}"
EndProject
Global
	GlobalSection(SolutionConfigurationPlatforms) = preSolution
		Debug|Any CPU = Debug|Any CPU
		Release|Any CPU = Release|Any CPU
	EndGlobalSection
	GlobalSection(ProjectConfigurationPlatforms) = postSolution
		{8B891F46-7462-4759-B5D1-3E9E9218FEDA}.Debug|Any CPU.ActiveCfg = Debug|Any CPU
		{8B891F46-7462-4759-B5D1-3E9E9218FEDA}.Debug|Any CPU.Build.0 = Debug|Any CPU
		{8B891F46-7462-4759-B5D1-3E9E9218FEDA}.Release|Any CPU.ActiveCfg = Release|Any CPU
		{8B891F46-7462-4759-B5D1-3E9E9218FEDA}.Release|Any CPU.Build.0 = Release|Any CPU
	EndGlobalSection
	GlobalSection(SolutionProperties) = preSolution
		HideSolutionNode = FALSE
	EndGlobalSection
	GlobalSection(ExtensibilityGlobals) = postSolution
		SolutionGuid = {309EDDE2-A877-47A5-85A0-3FA120667C18}
	EndGlobalSection
EndGlobal
