
Microsoft Visual Studio Solution File, Format Version 12.00
# Visual Studio Version 16
VisualStudioVersion = 16.0.31624.102
MinimumVisualStudioVersion = 10.0.40219.1
Project("{FAE04EC0-301F-11D3-BF4B-00C04F79EFBC}") = "exp1", "exp1.csproj", "{A654A8A0-3477-437A-BE22-AFBEEEB46D17}"
EndProject
Global
	GlobalSection(SolutionConfigurationPlatforms) = preSolution
		Debug|Any CPU = Debug|Any CPU
		Release|Any CPU = Release|Any CPU
	EndGlobalSection
	GlobalSection(ProjectConfigurationPlatforms) = postSolution
		{A654A8A0-3477-437A-BE22-AFBEEEB46D17}.Debug|Any CPU.ActiveCfg = Debug|Any CPU
		{A654A8A0-3477-437A-BE22-AFBEEEB46D17}.Debug|Any CPU.Build.0 = Debug|Any CPU
		{A654A8A0-3477-437A-BE22-AFBEEEB46D17}.Release|Any CPU.ActiveCfg = Release|Any CPU
		{A654A8A0-3477-437A-BE22-AFBEEEB46D17}.Release|Any CPU.Build.0 = Release|Any CPU
	EndGlobalSection
	GlobalSection(SolutionProperties) = preSolution
		HideSolutionNode = FALSE
	EndGlobalSection
	GlobalSection(ExtensibilityGlobals) = postSolution
		SolutionGuid = {A823EAB3-18D5-4425-B011-8A9DC005D23C}
	EndGlobalSection
EndGlobal
