
Microsoft Visual Studio Solution File, Format Version 12.00
# Visual Studio Version 16
VisualStudioVersion = 16.0.31624.102
MinimumVisualStudioVersion = 10.0.40219.1
Project("{FAE04EC0-301F-11D3-BF4B-00C04F79EFBC}") = "exp9", "exp9.csproj", "{EDFB7960-548F-4BB8-B85F-1D4089008661}"
EndProject
Global
	GlobalSection(SolutionConfigurationPlatforms) = preSolution
		Debug|Any CPU = Debug|Any CPU
		Release|Any CPU = Release|Any CPU
	EndGlobalSection
	GlobalSection(ProjectConfigurationPlatforms) = postSolution
		{EDFB7960-548F-4BB8-B85F-1D4089008661}.Debug|Any CPU.ActiveCfg = Debug|Any CPU
		{EDFB7960-548F-4BB8-B85F-1D4089008661}.Debug|Any CPU.Build.0 = Debug|Any CPU
		{EDFB7960-548F-4BB8-B85F-1D4089008661}.Release|Any CPU.ActiveCfg = Release|Any CPU
		{EDFB7960-548F-4BB8-B85F-1D4089008661}.Release|Any CPU.Build.0 = Release|Any CPU
	EndGlobalSection
	GlobalSection(SolutionProperties) = preSolution
		HideSolutionNode = FALSE
	EndGlobalSection
	GlobalSection(ExtensibilityGlobals) = postSolution
		SolutionGuid = {EF272401-92E7-4DE0-B119-F269A7E559A1}
	EndGlobalSection
EndGlobal
